// !$*UTF8*$!
{
	archiveVersion = 1;
	classes = {
	};
	objectVersion = 46;
	objects = {

/* Begin PBXBuildFile section */
		070136761C70749200C4AC8D /* main.m in Sources */ = {isa = PBXBuildFile; fileRef = 070136751C70749200C4AC8D /* main.m */; };
		070136791C70749200C4AC8D /* AppDelegate.m in Sources */ = {isa = PBXBuildFile; fileRef = 070136781C70749200C4AC8D /* AppDelegate.m */; };
		0701367C1C70749200C4AC8D /* ViewController.m in Sources */ = {isa = PBXBuildFile; fileRef = 0701367B1C70749200C4AC8D /* ViewController.m */; };
		0701367F1C70749200C4AC8D /* Main.storyboard in Resources */ = {isa = PBXBuildFile; fileRef = 0701367D1C70749200C4AC8D /* Main.storyboard */; };
		070136811C70749200C4AC8D /* Assets.xcassets in Resources */ = {isa = PBXBuildFile; fileRef = 070136801C70749200C4AC8D /* Assets.xcassets */; };
		070136841C70749200C4AC8D /* LaunchScreen.storyboard in Resources */ = {isa = PBXBuildFile; fileRef = 070136821C70749200C4AC8D /* LaunchScreen.storyboard */; };
		0701368D1C70757100C4AC8D /* PlayingCardView.m in Sources */ = {isa = PBXBuildFile; fileRef = 0701368C1C70757100C4AC8D /* PlayingCardView.m */; };
/* End PBXBuildFile section */

/* Begin PBXFileReference section */
		070136711C70749200C4AC8D /* SuperCard.app */ = {isa = PBXFileReference; explicitFileType = wrapper.application; includeInIndex = 0; path = SuperCard.app; sourceTree = BUILT_PRODUCTS_DIR; };
		070136751C70749200C4AC8D /* main.m */ = {isa = PBXFileReference; lastKnownFileType = sourcecode.c.objc; path = main.m; sourceTree = "<group>"; };
		070136771C70749200C4AC8D /* AppDelegate.h */ = {isa = PBXFileReference; lastKnownFileType = sourcecode.c.h; path = AppDelegate.h; sourceTree = "<group>"; };
		070136781C70749200C4AC8D /* AppDelegate.m */ = {isa = PBXFileReference; lastKnownFileType = sourcecode.c.objc; path = AppDelegate.m; sourceTree = "<group>"; };
		0701367A1C70749200C4AC8D /* ViewController.h */ = {isa = PBXFileReference; lastKnownFileType = sourcecode.c.h; path = ViewController.h; sourceTree = "<group>"; };
		0701367B1C70749200C4AC8D /* ViewController.m */ = {isa = PBXFileReference; lastKnownFileType = sourcecode.c.objc; path = ViewController.m; sourceTree = "<group>"; };
		0701367E1C70749200C4AC8D /* Base */ = {isa = PBXFileReference; lastKnownFileType = file.storyboard; name = Base; path = Base.lproj/Main.storyboard; sourceTree = "<group>"; };
		070136801C70749200C4AC8D /* Assets.xcassets */ = {isa = PBXFileReference; lastKnownFileType = folder.assetcatalog; path = Assets.xcassets; sourceTree = "<group>"; };
		070136831C70749200C4AC8D /* Base */ = {isa = PBXFileReference; lastKnownFileType = file.storyboard; name = Base; path = Base.lproj/LaunchScreen.storyboard; sourceTree = "<group>"; };
		070136851C70749200C4AC8D /* Info.plist */ = {isa = PBXFileReference; lastKnownFileType = text.plist.xml; path = Info.plist; sourceTree = "<group>"; };
		0701368B1C70757100C4AC8D /* PlayingCardView.h */ = {isa = PBXFileReference; fileEncoding = 4; lastKnownFileType = sourcecode.c.h; path = PlayingCardView.h; sourceTree = "<group>"; };
		0701368C1C70757100C4AC8D /* PlayingCardView.m */ = {isa = PBXFileReference; fileEncoding = 4; lastKnownFileType = sourcecode.c.objc; path = PlayingCardView.m; sourceTree = "<group>"; };
/* End PBXFileReference section */

/* Begin PBXFrameworksBuildPhase section */
		0701366E1C70749200C4AC8D /* Frameworks */ = {
			isa = PBXFrameworksBuildPhase;
			buildActionMask = 2147483647;
			files = (
			);
			runOnlyForDeploymentPostprocessing = 0;
		};
/* End PBXFrameworksBuildPhase section */

/* Begin PBXGroup section */
		070136681C70749200C4AC8D = {
			isa = PBXGroup;
			children = (
				070136731C70749200C4AC8D /* SuperCard */,
				070136721C70749200C4AC8D /* Products */,
			);
			sourceTree = "<group>";
		};
		070136721C70749200C4AC8D /* Products */ = {
			isa = PBXGroup;
			children = (
				070136711C70749200C4AC8D /* SuperCard.app */,
			);
			name = Products;
			sourceTree = "<group>";
		};
		070136731C70749200C4AC8D /* SuperCard */ = {
			isa = PBXGroup;
			children = (
				0701367A1C70749200C4AC8D /* ViewController.h */,
				0701367B1C70749200C4AC8D /* ViewController.m */,
				0701367D1C70749200C4AC8D /* Main.storyboard */,
				0701368B1C70757100C4AC8D /* PlayingCardView.h */,
				0701368C1C70757100C4AC8D /* PlayingCardView.m */,
				070136801C70749200C4AC8D /* Assets.xcassets */,
				070136741C70749200C4AC8D /* Supporting Files */,
			);
			path = SuperCard;
			sourceTree = "<group>";
		};
		070136741C70749200C4AC8D /* Supporting Files */ = {
			isa = PBXGroup;
			children = (
				070136821C70749200C4AC8D /* LaunchScreen.storyboard */,
				070136851C70749200C4AC8D /* Info.plist */,
				070136771C70749200C4AC8D /* AppDelegate.h */,
				070136781C70749200C4AC8D /* AppDelegate.m */,
				070136751C70749200C4AC8D /* main.m */,
			);
			name = "Supporting Files";
			sourceTree = "<group>";
		};
/* End PBXGroup section */

/* Begin PBXNativeTarget section */
		070136701C70749200C4AC8D /* SuperCard */ = {
			isa = PBXNativeTarget;
			buildConfigurationList = 070136881C70749200C4AC8D /* Build configuration list for PBXNativeTarget "SuperCard" */;
			buildPhases = (
				0701366D1C70749200C4AC8D /* Sources */,
				0701366E1C70749200C4AC8D /* Frameworks */,
				0701366F1C70749200C4AC8D /* Resources */,
			);
			buildRules = (
			);
			dependencies = (
			);
			name = SuperCard;
			productName = SuperCard;
			productReference = 070136711C70749200C4AC8D /* SuperCard.app */;
			productType = "com.apple.product-type.application";
		};
/* End PBXNativeTarget section */

/* Begin PBXProject section */
		070136691C70749200C4AC8D /* Project object */ = {
			isa = PBXProject;
			attributes = {
				LastUpgradeCheck = 0720;
				ORGANIZATIONNAME = hengjie.chj;
				TargetAttributes = {
					070136701C70749200C4AC8D = {
						CreatedOnToolsVersion = 7.2;
					};
				};
			};
			buildConfigurationList = 0701366C1C70749200C4AC8D /* Build configuration list for PBXProject "SuperCard" */;
			compatibilityVersion = "Xcode 3.2";
			developmentRegion = English;
			hasScannedForEncodings = 0;
			knownRegions = (
				en,
				Base,
			);
			mainGroup = 070136681C70749200C4AC8D;
			productRefGroup = 070136721C70749200C4AC8D /* Products */;
			projectDirPath = "";
			projectRoot = "";
			targets = (
				070136701C70749200C4AC8D /* SuperCard */,
			);
		};
/* End PBXProject section */

/* Begin PBXResourcesBuildPhase section */
		0701366F1C70749200C4AC8D /* Resources */ = {
			isa = PBXResourcesBuildPhase;
			buildActionMask = 2147483647;
			files = (
				070136841C70749200C4AC8D /* LaunchScreen.storyboard in Resources */,
				070136811C70749200C4AC8D /* Assets.xcassets in Resources */,
				0701367F1C70749200C4AC8D /* Main.storyboard in Resources */,
			);
			runOnlyForDeploymentPostprocessing = 0;
		};
/* End PBXResourcesBuildPhase section */

/* Begin PBXSourcesBuildPhase section */
		0701366D1C70749200C4AC8D /* Sources */ = {
			isa = PBXSourcesBuildPhase;
			buildActionMask = 2147483647;
			files = (
				0701367C1C70749200C4AC8D /* ViewController.m in Sources */,
				0701368D1C70757100C4AC8D /* PlayingCardView.m in Sources */,
				070136791C70749200C4AC8D /* AppDelegate.m in Sources */,
				070136761C70749200C4AC8D /* main.m in Sources */,
			);
			runOnlyForDeploymentPostprocessing = 0;
		};
/* End PBXSourcesBuildPhase section */

/* Begin PBXVariantGroup section */
		0701367D1C70749200C4AC8D /* Main.storyboard */ = {
			isa = PBXVariantGroup;
			children = (
				0701367E1C70749200C4AC8D /* Base */,
			);
			name = Main.storyboard;
			sourceTree = "<group>";
		};
		070136821C70749200C4AC8D /* LaunchScreen.storyboard */ = {
			isa = PBXVariantGroup;
			children = (
				070136831C70749200C4AC8D /* Base */,
			);
			name = LaunchScreen.storyboard;
			sourceTree = "<group>";
		};
/* End PBXVariantGroup section */

/* Begin XCBuildConfiguration section */
		070136861C70749200C4AC8D /* Debug */ = {
			isa = XCBuildConfiguration;
			buildSettings = {
				ALWAYS_SEARCH_USER_PATHS = NO;
				CLANG_CXX_LANGUAGE_STANDARD = "gnu++0x";
				CLANG_CXX_LIBRARY = "libc++";
				CLANG_ENABLE_MODULES = YES;
				CLANG_ENABLE_OBJC_ARC = YES;
				CLANG_WARN_BOOL_CONVERSION = YES;
				CLANG_WARN_CONSTANT_CONVERSION = YES;
				CLANG_WARN_DIRECT_OBJC_ISA_USAGE = YES_ERROR;
				CLANG_WARN_EMPTY_BODY = YES;
				CLANG_WARN_ENUM_CONVERSION = YES;
				CLANG_WARN_INT_CONVERSION = YES;
				CLANG_WARN_OBJC_ROOT_CLASS = YES_ERROR;
				CLANG_WARN_UNREACHABLE_CODE = YES;
				CLANG_WARN__DUPLICATE_METHOD_MATCH = YES;
				"CODE_SIGN_IDENTITY[sdk=iphoneos*]" = "iPhone Developer";
				COPY_PHASE_STRIP = NO;
				DEBUG_INFORMATION_FORMAT = dwarf;
				ENABLE_STRICT_OBJC_MSGSEND = YES;
				ENABLE_TESTABILITY = YES;
				GCC_C_LANGUAGE_STANDARD = gnu99;
				GCC_DYNAMIC_NO_PIC = NO;
				GCC_NO_COMMON_BLOCKS = YES;
				GCC_OPTIMIZATION_LEVEL = 0;
				GCC_PREPROCESSOR_DEFINITIONS = (
					"DEBUG=1",
					"$(inherited)",
				);
				GCC_WARN_64_TO_32_BIT_CONVERSION = YES;
				GCC_WARN_ABOUT_RETURN_TYPE = YES_ERROR;
				GCC_WARN_UNDECLARED_SELECTOR = YES;
				GCC_WARN_UNINITIALIZED_AUTOS = YES_AGGRESSIVE;
				GCC_WARN_UNUSED_FUNCTION = YES;
				GCC_WARN_UNUSED_VARIABLE = YES;
				IPHONEOS_DEPLOYMENT_TARGET = 9.2;
				MTL_ENABLE_DEBUG_INFO = YES;
				ONLY_ACTIVE_ARCH = YES;
				SDKROOT = iphoneos;
				TARGETED_DEVICE_FAMILY = "1,2";
			};
			name = Debug;
		};
		070136871C70749200C4AC8D /* Release */ = {
			isa = XCBuildConfiguration;
			buildSettings = {
				ALWAYS_SEARCH_USER_PATHS = NO;
				CLANG_CXX_LANGUAGE_STANDARD = "gnu++0x";
				CLANG_CXX_LIBRARY = "libc++";
				CLANG_ENABLE_MODULES = YES;
				CLANG_ENABLE_OBJC_ARC = YES;
				CLANG_WARN_BOOL_CONVERSION = YES;
				CLANG_WARN_CONSTANT_CONVERSION = YES;
				CLANG_WARN_DIRECT_OBJC_ISA_USAGE = YES_ERROR;
				CLANG_WARN_EMPTY_BODY = YES;
				CLANG_WARN_ENUM_CONVERSION = YES;
				CLANG_WARN_INT_CONVERSION = YES;
				CLANG_WARN_OBJC_ROOT_CLASS = YES_ERROR;
				CLANG_WARN_UNREACHABLE_CODE = YES;
				CLANG_WARN__DUPLICATE_METHOD_MATCH = YES;
				"CODE_SIGN_IDENTITY[sdk=iphoneos*]" = "iPhone Developer";
				COPY_PHASE_STRIP = NO;
				DEBUG_INFORMATION_FORMAT = "dwarf-with-dsym";
				ENABLE_NS_ASSERTIONS = NO;
				ENABLE_STRICT_OBJC_MSGSEND = YES;
				GCC_C_LANGUAGE_STANDARD = gnu99;
				GCC_NO_COMMON_BLOCKS = YES;
				GCC_WARN_64_TO_32_BIT_CONVERSION = YES;
				GCC_WARN_ABOUT_RETURN_TYPE = YES_ERROR;
				GCC_WARN_UNDECLARED_SELECTOR = YES;
				GCC_WARN_UNINITIALIZED_AUTOS = YES_AGGRESSIVE;
				GCC_WARN_UNUSED_FUNCTION = YES;
				GCC_WARN_UNUSED_VARIABLE = YES;
				IPHONEOS_DEPLOYMENT_TARGET = 9.2;
				MTL_ENABLE_DEBUG_INFO = NO;
				SDKROOT = iphoneos;
				TARGETED_DEVICE_FAMILY = "1,2";
				VALIDATE_PRODUCT = YES;
			};
			name = Release;
		};
		070136891C70749200C4AC8D /* Debug */ = {
			isa = XCBuildConfiguration;
			buildSettings = {
				ASSETCATALOG_COMPILER_APPICON_NAME = AppIcon;
				INFOPLIST_FILE = SuperCard/Info.plist;
				LD_RUNPATH_SEARCH_PATHS = "$(inherited) @executable_path/Frameworks";
				PRODUCT_BUNDLE_IDENTIFIER = com.chjvps.SuperCard;
				PRODUCT_NAME = "$(TARGET_NAME)";
			};
			name = Debug;
		};
		0701368A1C70749200C4AC8D /* Release */ = {
			isa = XCBuildConfiguration;
			buildSettings = {
				ASSETCATALOG_COMPILER_APPICON_NAME = AppIcon;
				INFOPLIST_FILE = SuperCard/Info.plist;
				LD_RUNPATH_SEARCH_PATHS = "$(inherited) @executable_path/Frameworks";
				PRODUCT_BUNDLE_IDENTIFIER = com.chjvps.SuperCard;
				PRODUCT_NAME = "$(TARGET_NAME)";
			};
			name = Release;
		};
/* End XCBuildConfiguration section */

/* Begin XCConfigurationList section */
		0701366C1C70749200C4AC8D /* Build configuration list for PBXProject "SuperCard" */ = {
			isa = XCConfigurationList;
			buildConfigurations = (
				070136861C70749200C4AC8D /* Debug */,
				070136871C70749200C4AC8D /* Release */,
			);
			defaultConfigurationIsVisible = 0;
			defaultConfigurationName = Release;
		};
		070136881C70749200C4AC8D /* Build configuration list for PBXNativeTarget "SuperCard" */ = {
			isa = XCConfigurationList;
			buildConfigurations = (
				070136891C70749200C4AC8D /* Debug */,
				0701368A1C70749200C4AC8D /* Release */,
			);
			defaultConfigurationIsVisible = 0;
		};
/* End XCConfigurationList section */
	};
	rootObject = 070136691C70749200C4AC8D /* Project object */;
}
